
Microsoft Visual Studio Solution File, Format Version 12.00
# Visual Studio Version 17
VisualStudioVersion = 17.5.33424.131
MinimumVisualStudioVersion = 10.0.40219.1
Project("{2150E333-8FDC-42A3-9474-1A3956D46DE8}") = "Users.Mongo", "Users.Mongo", "{E636BD9A-0C1F-44D6-A17F-CEF89EEC7984}"
EndProject
Project("{2150E333-8FDC-42A3-9474-1A3956D46DE8}") = "Orders.SQL", "Orders.SQL", "{BC9DCB40-D492-4B82-801F-BB96A0058A81}"
EndProject
Project("{2150E333-8FDC-42A3-9474-1A3956D46DE8}") = "src", "src", "{087FEC88-E495-4147-B71C-DED461AF8E0A}"
EndProject
Project("{2150E333-8FDC-42A3-9474-1A3956D46DE8}") = "test", "test", "{2E3553F9-5E74-4BF2-918E-46BCE8C25C01}"
EndProject
Project("{2150E333-8FDC-42A3-9474-1A3956D46DE8}") = "Api", "Api", "{DF035746-D7E3-4F2E-B9D4-FBF3CC694D9A}"
EndProject
Project("{2150E333-8FDC-42A3-9474-1A3956D46DE8}") = "Domain", "Domain", "{2A29A413-7D38-4D89-B0EB-370F63CAF70B}"
EndProject
Project("{2150E333-8FDC-42A3-9474-1A3956D46DE8}") = "Infrastructure", "Infrastructure", "{3D6FB153-3FCE-4AB2-9BC1-2C6F6C000E27}"
EndProject
Project("{9A19103F-16F7-4668-BE54-9A1E7A4F7556}") = "Orders.Api", "Orders.Api\Orders.Api.csproj", "{ED9D3F82-A129-4C1A-B7E3-0600647E1F50}"
EndProject
Project("{9A19103F-16F7-4668-BE54-9A1E7A4F7556}") = "Orders.Domain", "Orders.Domain\Orders.Domain.csproj", "{71FBE18A-D6B3-4233-84AA-D13310DD0233}"
EndProject
Project("{9A19103F-16F7-4668-BE54-9A1E7A4F7556}") = "Orders.UseCase", "Orders.UseCase\Orders.UseCase.csproj", "{D7DAE26E-5D5F-45AC-85F3-D978501CDBE6}"
EndProject
Project("{9A19103F-16F7-4668-BE54-9A1E7A4F7556}") = "Orders.Infrastructure", "Orders.Infrastructure\Orders.Infrastructure.csproj", "{81AA45E7-72F7-42D9-B85D-2724F664895B}"
EndProject
Project("{9A19103F-16F7-4668-BE54-9A1E7A4F7556}") = "Orders.Test", "Orders.Test\Orders.Test.csproj", "{1E825524-14B6-4E71-9BA4-628B3F25537A}"
EndProject
Project("{2150E333-8FDC-42A3-9474-1A3956D46DE8}") = "src", "src", "{62D0408E-BA9B-45CF-8542-EA8478AB5269}"
EndProject
Project("{2150E333-8FDC-42A3-9474-1A3956D46DE8}") = "test", "test", "{9C6FB75C-CA92-48EA-83A5-F689B7761194}"
EndProject
Project("{2150E333-8FDC-42A3-9474-1A3956D46DE8}") = "Api", "Api", "{5D2B479B-75BE-4F50-B3B3-AABFF0C59D7B}"
EndProject
Project("{2150E333-8FDC-42A3-9474-1A3956D46DE8}") = "Domain", "Domain", "{2BFB3B53-EAB8-427E-B63C-6FD14E369D30}"
EndProject
Project("{2150E333-8FDC-42A3-9474-1A3956D46DE8}") = "Infrastructure", "Infrastructure", "{38A7749D-632E-4931-82F0-6168E9390DCB}"
EndProject
Project("{9A19103F-16F7-4668-BE54-9A1E7A4F7556}") = "Users.Api", "Users.Api\Users.Api.csproj", "{8714D315-466F-452F-BA07-699C097A2C89}"
EndProject
Project("{9A19103F-16F7-4668-BE54-9A1E7A4F7556}") = "Users.Domain", "Users.Domain\Users.Domain.csproj", "{18C63537-BF1F-4BF8-81C8-7528FB808295}"
EndProject
Project("{9A19103F-16F7-4668-BE54-9A1E7A4F7556}") = "Users.UseCase", "Users.UseCase\Users.UseCase.csproj", "{65941D73-74C6-4DBC-AF9D-FC968DB66145}"
EndProject
Project("{9A19103F-16F7-4668-BE54-9A1E7A4F7556}") = "Users.Infrastructure", "Users.Infrastructure\Users.Infrastructure.csproj", "{943B52CC-ED8A-4815-8AC3-21E2F66A6E23}"
EndProject
Project("{9A19103F-16F7-4668-BE54-9A1E7A4F7556}") = "Users.Test", "Users.Test\Users.Test.csproj", "{1B999D68-C3FE-4E4B-90A3-97D105CF2101}"
EndProject
Global
	GlobalSection(SolutionConfigurationPlatforms) = preSolution
		Debug|Any CPU = Debug|Any CPU
		Release|Any CPU = Release|Any CPU
	EndGlobalSection
	GlobalSection(ProjectConfigurationPlatforms) = postSolution
		{ED9D3F82-A129-4C1A-B7E3-0600647E1F50}.Debug|Any CPU.ActiveCfg = Debug|Any CPU
		{ED9D3F82-A129-4C1A-B7E3-0600647E1F50}.Debug|Any CPU.Build.0 = Debug|Any CPU
		{ED9D3F82-A129-4C1A-B7E3-0600647E1F50}.Release|Any CPU.ActiveCfg = Release|Any CPU
		{ED9D3F82-A129-4C1A-B7E3-0600647E1F50}.Release|Any CPU.Build.0 = Release|Any CPU
		{71FBE18A-D6B3-4233-84AA-D13310DD0233}.Debug|Any CPU.ActiveCfg = Debug|Any CPU
		{71FBE18A-D6B3-4233-84AA-D13310DD0233}.Debug|Any CPU.Build.0 = Debug|Any CPU
		{71FBE18A-D6B3-4233-84AA-D13310DD0233}.Release|Any CPU.ActiveCfg = Release|Any CPU
		{71FBE18A-D6B3-4233-84AA-D13310DD0233}.Release|Any CPU.Build.0 = Release|Any CPU
		{D7DAE26E-5D5F-45AC-85F3-D978501CDBE6}.Debug|Any CPU.ActiveCfg = Debug|Any CPU
		{D7DAE26E-5D5F-45AC-85F3-D978501CDBE6}.Debug|Any CPU.Build.0 = Debug|Any CPU
		{D7DAE26E-5D5F-45AC-85F3-D978501CDBE6}.Release|Any CPU.ActiveCfg = Release|Any CPU
		{D7DAE26E-5D5F-45AC-85F3-D978501CDBE6}.Release|Any CPU.Build.0 = Release|Any CPU
		{81AA45E7-72F7-42D9-B85D-2724F664895B}.Debug|Any CPU.ActiveCfg = Debug|Any CPU
		{81AA45E7-72F7-42D9-B85D-2724F664895B}.Debug|Any CPU.Build.0 = Debug|Any CPU
		{81AA45E7-72F7-42D9-B85D-2724F664895B}.Release|Any CPU.ActiveCfg = Release|Any CPU
		{81AA45E7-72F7-42D9-B85D-2724F664895B}.Release|Any CPU.Build.0 = Release|Any CPU
		{1E825524-14B6-4E71-9BA4-628B3F25537A}.Debug|Any CPU.ActiveCfg = Debug|Any CPU
		{1E825524-14B6-4E71-9BA4-628B3F25537A}.Debug|Any CPU.Build.0 = Debug|Any CPU
		{1E825524-14B6-4E71-9BA4-628B3F25537A}.Release|Any CPU.ActiveCfg = Release|Any CPU
		{1E825524-14B6-4E71-9BA4-628B3F25537A}.Release|Any CPU.Build.0 = Release|Any CPU
		{8714D315-466F-452F-BA07-699C097A2C89}.Debug|Any CPU.ActiveCfg = Debug|Any CPU
		{8714D315-466F-452F-BA07-699C097A2C89}.Debug|Any CPU.Build.0 = Debug|Any CPU
		{8714D315-466F-452F-BA07-699C097A2C89}.Release|Any CPU.ActiveCfg = Release|Any CPU
		{8714D315-466F-452F-BA07-699C097A2C89}.Release|Any CPU.Build.0 = Release|Any CPU
		{18C63537-BF1F-4BF8-81C8-7528FB808295}.Debug|Any CPU.ActiveCfg = Debug|Any CPU
		{18C63537-BF1F-4BF8-81C8-7528FB808295}.Debug|Any CPU.Build.0 = Debug|Any CPU
		{18C63537-BF1F-4BF8-81C8-7528FB808295}.Release|Any CPU.ActiveCfg = Release|Any CPU
		{18C63537-BF1F-4BF8-81C8-7528FB808295}.Release|Any CPU.Build.0 = Release|Any CPU
		{65941D73-74C6-4DBC-AF9D-FC968DB66145}.Debug|Any CPU.ActiveCfg = Debug|Any CPU
		{65941D73-74C6-4DBC-AF9D-FC968DB66145}.Debug|Any CPU.Build.0 = Debug|Any CPU
		{65941D73-74C6-4DBC-AF9D-FC968DB66145}.Release|Any CPU.ActiveCfg = Release|Any CPU
		{65941D73-74C6-4DBC-AF9D-FC968DB66145}.Release|Any CPU.Build.0 = Release|Any CPU
		{943B52CC-ED8A-4815-8AC3-21E2F66A6E23}.Debug|Any CPU.ActiveCfg = Debug|Any CPU
		{943B52CC-ED8A-4815-8AC3-21E2F66A6E23}.Debug|Any CPU.Build.0 = Debug|Any CPU
		{943B52CC-ED8A-4815-8AC3-21E2F66A6E23}.Release|Any CPU.ActiveCfg = Release|Any CPU
		{943B52CC-ED8A-4815-8AC3-21E2F66A6E23}.Release|Any CPU.Build.0 = Release|Any CPU
		{1B999D68-C3FE-4E4B-90A3-97D105CF2101}.Debug|Any CPU.ActiveCfg = Debug|Any CPU
		{1B999D68-C3FE-4E4B-90A3-97D105CF2101}.Debug|Any CPU.Build.0 = Debug|Any CPU
		{1B999D68-C3FE-4E4B-90A3-97D105CF2101}.Release|Any CPU.ActiveCfg = Release|Any CPU
		{1B999D68-C3FE-4E4B-90A3-97D105CF2101}.Release|Any CPU.Build.0 = Release|Any CPU
	EndGlobalSection
	GlobalSection(SolutionProperties) = preSolution
		HideSolutionNode = FALSE
	EndGlobalSection
	GlobalSection(NestedProjects) = preSolution
		{087FEC88-E495-4147-B71C-DED461AF8E0A} = {BC9DCB40-D492-4B82-801F-BB96A0058A81}
		{2E3553F9-5E74-4BF2-918E-46BCE8C25C01} = {BC9DCB40-D492-4B82-801F-BB96A0058A81}
		{DF035746-D7E3-4F2E-B9D4-FBF3CC694D9A} = {087FEC88-E495-4147-B71C-DED461AF8E0A}
		{2A29A413-7D38-4D89-B0EB-370F63CAF70B} = {087FEC88-E495-4147-B71C-DED461AF8E0A}
		{3D6FB153-3FCE-4AB2-9BC1-2C6F6C000E27} = {087FEC88-E495-4147-B71C-DED461AF8E0A}
		{ED9D3F82-A129-4C1A-B7E3-0600647E1F50} = {DF035746-D7E3-4F2E-B9D4-FBF3CC694D9A}
		{71FBE18A-D6B3-4233-84AA-D13310DD0233} = {2A29A413-7D38-4D89-B0EB-370F63CAF70B}
		{D7DAE26E-5D5F-45AC-85F3-D978501CDBE6} = {2A29A413-7D38-4D89-B0EB-370F63CAF70B}
		{81AA45E7-72F7-42D9-B85D-2724F664895B} = {3D6FB153-3FCE-4AB2-9BC1-2C6F6C000E27}
		{1E825524-14B6-4E71-9BA4-628B3F25537A} = {2E3553F9-5E74-4BF2-918E-46BCE8C25C01}
		{62D0408E-BA9B-45CF-8542-EA8478AB5269} = {E636BD9A-0C1F-44D6-A17F-CEF89EEC7984}
		{9C6FB75C-CA92-48EA-83A5-F689B7761194} = {E636BD9A-0C1F-44D6-A17F-CEF89EEC7984}
		{5D2B479B-75BE-4F50-B3B3-AABFF0C59D7B} = {62D0408E-BA9B-45CF-8542-EA8478AB5269}
		{2BFB3B53-EAB8-427E-B63C-6FD14E369D30} = {62D0408E-BA9B-45CF-8542-EA8478AB5269}
		{38A7749D-632E-4931-82F0-6168E9390DCB} = {62D0408E-BA9B-45CF-8542-EA8478AB5269}
		{8714D315-466F-452F-BA07-699C097A2C89} = {5D2B479B-75BE-4F50-B3B3-AABFF0C59D7B}
		{18C63537-BF1F-4BF8-81C8-7528FB808295} = {2BFB3B53-EAB8-427E-B63C-6FD14E369D30}
		{65941D73-74C6-4DBC-AF9D-FC968DB66145} = {2BFB3B53-EAB8-427E-B63C-6FD14E369D30}
		{943B52CC-ED8A-4815-8AC3-21E2F66A6E23} = {38A7749D-632E-4931-82F0-6168E9390DCB}
		{1B999D68-C3FE-4E4B-90A3-97D105CF2101} = {9C6FB75C-CA92-48EA-83A5-F689B7761194}
	EndGlobalSection
	GlobalSection(ExtensibilityGlobals) = postSolution
		SolutionGuid = {22FA608F-45E5-42FD-AB61-826E5627AF60}
	EndGlobalSection
EndGlobal
